
Microsoft Visual Studio Solution File, Format Version 12.00
# Visual Studio Version 16
VisualStudioVersion = 16.0.30204.135
MinimumVisualStudioVersion = 10.0.40219.1
Project("{FAE04EC0-301F-11D3-BF4B-00C04F79EFBC}") = "Csharp Conditional Statements", "Csharp Conditional Statements\Csharp Conditional Statements.csproj", "{F204CE53-E507-49AF-BB7F-71170B003DEB}"
EndProject
Global
	GlobalSection(SolutionConfigurationPlatforms) = preSolution
		Debug|Any CPU = Debug|Any CPU
		Release|Any CPU = Release|Any CPU
	EndGlobalSection
	GlobalSection(ProjectConfigurationPlatforms) = postSolution
		{F204CE53-E507-49AF-BB7F-71170B003DEB}.Debug|Any CPU.ActiveCfg = Debug|Any CPU
		{F204CE53-E507-49AF-BB7F-71170B003DEB}.Debug|Any CPU.Build.0 = Debug|Any CPU
		{F204CE53-E507-49AF-BB7F-71170B003DEB}.Release|Any CPU.ActiveCfg = Release|Any CPU
		{F204CE53-E507-49AF-BB7F-71170B003DEB}.Release|Any CPU.Build.0 = Release|Any CPU
	EndGlobalSection
	GlobalSection(SolutionProperties) = preSolution
		HideSolutionNode = FALSE
	EndGlobalSection
	GlobalSection(ExtensibilityGlobals) = postSolution
		SolutionGuid = {F8BE1BFF-C9CB-4317-BBC3-04541318742F}
	EndGlobalSection
EndGlobal
